
Microsoft Visual Studio Solution File, Format Version 12.00
# Visual Studio Version 17
VisualStudioVersion = 17.0.31903.59
MinimumVisualStudioVersion = 10.0.40219.1
Project("{2150E333-8FDC-42A3-9474-1A3956D46DE8}") = "src", "src", "{E5C1651E-A886-4188-97BB-61420665CC44}"
EndProject
Project("{FAE04EC0-301F-11D3-BF4B-00C04F79EFBC}") = "Ltb.App", "src\Ltb.App\Ltb.App.csproj", "{606213D3-5FCD-47F2-A8A1-84CF95BB7331}"
EndProject
Project("{FAE04EC0-301F-11D3-BF4B-00C04F79EFBC}") = "Ltb.Core", "src\Ltb.Core\Ltb.Core.csproj", "{003CF3D7-747C-4737-A934-B635400C918C}"
EndProject
Project("{FAE04EC0-301F-11D3-BF4B-00C04F79EFBC}") = "Ltb.OpenVr", "src\Ltb.OpenVr\Ltb.OpenVr.csproj", "{05FF19E8-1528-4566-BC13-2CD31578E552}"
EndProject
Project("{FAE04EC0-301F-11D3-BF4B-00C04F79EFBC}") = "Ltb.Alvr", "src\Ltb.Alvr\Ltb.Alvr.csproj", "{02A9B565-F11D-489B-9003-2CE3F41A99F2}"
EndProject
Project("{FAE04EC0-301F-11D3-BF4B-00C04F79EFBC}") = "Ltb.Vmt", "src\Ltb.Vmt\Ltb.Vmt.csproj", "{15D8190E-3E42-40EC-834F-6074A6553FA4}"
EndProject
Project("{FAE04EC0-301F-11D3-BF4B-00C04F79EFBC}") = "Ltb.Calibration", "src\Ltb.Calibration\Ltb.Calibration.csproj", "{FF4A3313-9F25-4878-9341-0CE64E8DC77C}"
EndProject
Project("{FAE04EC0-301F-11D3-BF4B-00C04F79EFBC}") = "Ltb.Configuration", "src\Ltb.Configuration\Ltb.Configuration.csproj", "{57A0F319-8A4A-48A3-B2D3-28CFC3EDE045}"
EndProject
Project("{2150E333-8FDC-42A3-9474-1A3956D46DE8}") = "tests", "tests", "{D6932EDB-D255-4605-8668-A935F8B147C3}"
EndProject
Project("{FAE04EC0-301F-11D3-BF4B-00C04F79EFBC}") = "Ltb.Calibration.Tests", "tests\Ltb.Calibration.Tests\Ltb.Calibration.Tests.csproj", "{46B6291C-AF3F-417F-B18D-A941AA6A3017}"
EndProject
Project("{FAE04EC0-301F-11D3-BF4B-00C04F79EFBC}") = "Ltb.Configuration.Tests", "tests\Ltb.Configuration.Tests\Ltb.Configuration.Tests.csproj", "{5F08B9BA-61AC-465A-8219-CB78D9D6549A}"
EndProject
Project("{FAE04EC0-301F-11D3-BF4B-00C04F79EFBC}") = "Ltb.Integration.Tests", "tests\Ltb.Integration.Tests\Ltb.Integration.Tests.csproj", "{F1A53A16-0F90-416A-A74A-C73A02DA47C7}"
EndProject
Project("{2150E333-8FDC-42A3-9474-1A3956D46DE8}") = "tools", "tools", "{5F66D59A-5194-4F28-A343-CE74CF596B49}"
EndProject
Project("{FAE04EC0-301F-11D3-BF4B-00C04F79EFBC}") = "Ltb.RecordingInspector", "tools\Ltb.RecordingInspector\Ltb.RecordingInspector.csproj", "{F6F909F3-567F-47E2-8808-ACFE49187013}"
EndProject
Project("{FAE04EC0-301F-11D3-BF4B-00C04F79EFBC}") = "Ltb.SyntheticData", "tools\Ltb.SyntheticData\Ltb.SyntheticData.csproj", "{FE505136-DFA5-4371-8A6D-63B0C9242209}"
EndProject
Project("{FAE04EC0-301F-11D3-BF4B-00C04F79EFBC}") = "Ltb.Gui", "src\Ltb.Gui\Ltb.Gui.csproj", "{55FE4E55-A4FB-4BFE-AD2F-D3AFCD27E0D0}"
EndProject
Project("{FAE04EC0-301F-11D3-BF4B-00C04F79EFBC}") = "Ltb.Gui.Tests", "tests\Ltb.Gui.Tests\Ltb.Gui.Tests.csproj", "{EE35FC3B-C333-4981-92DD-E72A466EBBD4}"
EndProject
Project("{FAE04EC0-301F-11D3-BF4B-00C04F79EFBC}") = "Ltb.RecordingInspector.Tests", "tests\Ltb.RecordingInspector.Tests\Ltb.RecordingInspector.Tests.csproj", "{B658890D-7FE8-4C67-A291-B4E563F54B8D}"
EndProject
Project("{FAE04EC0-301F-11D3-BF4B-00C04F79EFBC}") = "Ltb.MetaLink", "src\Ltb.MetaLink\Ltb.MetaLink.csproj", "{15B4B37D-6F1B-461E-A837-E0F0B391C571}"
EndProject
Project("{FAE04EC0-301F-11D3-BF4B-00C04F79EFBC}") = "Ltb.Protocol", "src\Ltb.Protocol\Ltb.Protocol.csproj", "{3BBEA59C-F48D-4970-8047-D03711482457}"
EndProject
Project("{FAE04EC0-301F-11D3-BF4B-00C04F79EFBC}") = "Ltb.Driver", "src\Ltb.Driver\Ltb.Driver.csproj", "{838FDBA1-E72A-4D38-8514-B40CEDE222C5}"
EndProject
Project("{FAE04EC0-301F-11D3-BF4B-00C04F79EFBC}") = "Ltb.MetaLink.Tests", "tests\Ltb.MetaLink.Tests\Ltb.MetaLink.Tests.csproj", "{8776D176-4E3D-4C9C-9FC7-CFD1D001BCEF}"
EndProject
Project("{FAE04EC0-301F-11D3-BF4B-00C04F79EFBC}") = "Ltb.Protocol.Tests", "tests\Ltb.Protocol.Tests\Ltb.Protocol.Tests.csproj", "{25C38D3B-662C-48A6-A255-B5945E328D37}"
EndProject
Project("{FAE04EC0-301F-11D3-BF4B-00C04F79EFBC}") = "Ltb.Driver.Tests", "tests\Ltb.Driver.Tests\Ltb.Driver.Tests.csproj", "{29799F5E-84FF-4061-B6C8-CC451FBDABCD}"
EndProject
Global
	GlobalSection(SolutionConfigurationPlatforms) = preSolution
		Debug|Any CPU = Debug|Any CPU
		Release|Any CPU = Release|Any CPU
	EndGlobalSection
	GlobalSection(SolutionProperties) = preSolution
		HideSolutionNode = FALSE
	EndGlobalSection
	GlobalSection(ProjectConfigurationPlatforms) = postSolution
		{606213D3-5FCD-47F2-A8A1-84CF95BB7331}.Debug|Any CPU.ActiveCfg = Debug|Any CPU
		{606213D3-5FCD-47F2-A8A1-84CF95BB7331}.Debug|Any CPU.Build.0 = Debug|Any CPU
		{606213D3-5FCD-47F2-A8A1-84CF95BB7331}.Release|Any CPU.ActiveCfg = Release|Any CPU
		{606213D3-5FCD-47F2-A8A1-84CF95BB7331}.Release|Any CPU.Build.0 = Release|Any CPU
		{003CF3D7-747C-4737-A934-B635400C918C}.Debug|Any CPU.ActiveCfg = Debug|Any CPU
		{003CF3D7-747C-4737-A934-B635400C918C}.Debug|Any CPU.Build.0 = Debug|Any CPU
		{003CF3D7-747C-4737-A934-B635400C918C}.Release|Any CPU.ActiveCfg = Release|Any CPU
		{003CF3D7-747C-4737-A934-B635400C918C}.Release|Any CPU.Build.0 = Release|Any CPU
		{05FF19E8-1528-4566-BC13-2CD31578E552}.Debug|Any CPU.ActiveCfg = Debug|Any CPU
		{05FF19E8-1528-4566-BC13-2CD31578E552}.Debug|Any CPU.Build.0 = Debug|Any CPU
		{05FF19E8-1528-4566-BC13-2CD31578E552}.Release|Any CPU.ActiveCfg = Release|Any CPU
		{05FF19E8-1528-4566-BC13-2CD31578E552}.Release|Any CPU.Build.0 = Release|Any CPU
		{02A9B565-F11D-489B-9003-2CE3F41A99F2}.Debug|Any CPU.ActiveCfg = Debug|Any CPU
		{02A9B565-F11D-489B-9003-2CE3F41A99F2}.Debug|Any CPU.Build.0 = Debug|Any CPU
		{02A9B565-F11D-489B-9003-2CE3F41A99F2}.Release|Any CPU.ActiveCfg = Release|Any CPU
		{02A9B565-F11D-489B-9003-2CE3F41A99F2}.Release|Any CPU.Build.0 = Release|Any CPU
		{15D8190E-3E42-40EC-834F-6074A6553FA4}.Debug|Any CPU.ActiveCfg = Debug|Any CPU
		{15D8190E-3E42-40EC-834F-6074A6553FA4}.Debug|Any CPU.Build.0 = Debug|Any CPU
		{15D8190E-3E42-40EC-834F-6074A6553FA4}.Release|Any CPU.ActiveCfg = Release|Any CPU
		{15D8190E-3E42-40EC-834F-6074A6553FA4}.Release|Any CPU.Build.0 = Release|Any CPU
		{FF4A3313-9F25-4878-9341-0CE64E8DC77C}.Debug|Any CPU.ActiveCfg = Debug|Any CPU
		{FF4A3313-9F25-4878-9341-0CE64E8DC77C}.Debug|Any CPU.Build.0 = Debug|Any CPU
		{FF4A3313-9F25-4878-9341-0CE64E8DC77C}.Release|Any CPU.ActiveCfg = Release|Any CPU
		{FF4A3313-9F25-4878-9341-0CE64E8DC77C}.Release|Any CPU.Build.0 = Release|Any CPU
		{57A0F319-8A4A-48A3-B2D3-28CFC3EDE045}.Debug|Any CPU.ActiveCfg = Debug|Any CPU
		{57A0F319-8A4A-48A3-B2D3-28CFC3EDE045}.Debug|Any CPU.Build.0 = Debug|Any CPU
		{57A0F319-8A4A-48A3-B2D3-28CFC3EDE045}.Release|Any CPU.ActiveCfg = Release|Any CPU
		{57A0F319-8A4A-48A3-B2D3-28CFC3EDE045}.Release|Any CPU.Build.0 = Release|Any CPU
		{46B6291C-AF3F-417F-B18D-A941AA6A3017}.Debug|Any CPU.ActiveCfg = Debug|Any CPU
		{46B6291C-AF3F-417F-B18D-A941AA6A3017}.Debug|Any CPU.Build.0 = Debug|Any CPU
		{46B6291C-AF3F-417F-B18D-A941AA6A3017}.Release|Any CPU.ActiveCfg = Release|Any CPU
		{46B6291C-AF3F-417F-B18D-A941AA6A3017}.Release|Any CPU.Build.0 = Release|Any CPU
		{5F08B9BA-61AC-465A-8219-CB78D9D6549A}.Debug|Any CPU.ActiveCfg = Debug|Any CPU
		{5F08B9BA-61AC-465A-8219-CB78D9D6549A}.Debug|Any CPU.Build.0 = Debug|Any CPU
		{5F08B9BA-61AC-465A-8219-CB78D9D6549A}.Release|Any CPU.ActiveCfg = Release|Any CPU
		{5F08B9BA-61AC-465A-8219-CB78D9D6549A}.Release|Any CPU.Build.0 = Release|Any CPU
		{F1A53A16-0F90-416A-A74A-C73A02DA47C7}.Debug|Any CPU.ActiveCfg = Debug|Any CPU
		{F1A53A16-0F90-416A-A74A-C73A02DA47C7}.Debug|Any CPU.Build.0 = Debug|Any CPU
		{F1A53A16-0F90-416A-A74A-C73A02DA47C7}.Release|Any CPU.ActiveCfg = Release|Any CPU
		{F1A53A16-0F90-416A-A74A-C73A02DA47C7}.Release|Any CPU.Build.0 = Release|Any CPU
		{F6F909F3-567F-47E2-8808-ACFE49187013}.Debug|Any CPU.ActiveCfg = Debug|Any CPU
		{F6F909F3-567F-47E2-8808-ACFE49187013}.Debug|Any CPU.Build.0 = Debug|Any CPU
		{F6F909F3-567F-47E2-8808-ACFE49187013}.Release|Any CPU.ActiveCfg = Release|Any CPU
		{F6F909F3-567F-47E2-8808-ACFE49187013}.Release|Any CPU.Build.0 = Release|Any CPU
		{FE505136-DFA5-4371-8A6D-63B0C9242209}.Debug|Any CPU.ActiveCfg = Debug|Any CPU
		{FE505136-DFA5-4371-8A6D-63B0C9242209}.Debug|Any CPU.Build.0 = Debug|Any CPU
		{FE505136-DFA5-4371-8A6D-63B0C9242209}.Release|Any CPU.ActiveCfg = Release|Any CPU
		{FE505136-DFA5-4371-8A6D-63B0C9242209}.Release|Any CPU.Build.0 = Release|Any CPU
		{55FE4E55-A4FB-4BFE-AD2F-D3AFCD27E0D0}.Debug|Any CPU.ActiveCfg = Debug|Any CPU
		{55FE4E55-A4FB-4BFE-AD2F-D3AFCD27E0D0}.Debug|Any CPU.Build.0 = Debug|Any CPU
		{55FE4E55-A4FB-4BFE-AD2F-D3AFCD27E0D0}.Release|Any CPU.ActiveCfg = Release|Any CPU
		{55FE4E55-A4FB-4BFE-AD2F-D3AFCD27E0D0}.Release|Any CPU.Build.0 = Release|Any CPU
		{EE35FC3B-C333-4981-92DD-E72A466EBBD4}.Debug|Any CPU.ActiveCfg = Debug|Any CPU
		{EE35FC3B-C333-4981-92DD-E72A466EBBD4}.Debug|Any CPU.Build.0 = Debug|Any CPU
		{EE35FC3B-C333-4981-92DD-E72A466EBBD4}.Release|Any CPU.ActiveCfg = Release|Any CPU
		{EE35FC3B-C333-4981-92DD-E72A466EBBD4}.Release|Any CPU.Build.0 = Release|Any CPU
		{B658890D-7FE8-4C67-A291-B4E563F54B8D}.Debug|Any CPU.ActiveCfg = Debug|Any CPU
		{B658890D-7FE8-4C67-A291-B4E563F54B8D}.Debug|Any CPU.Build.0 = Debug|Any CPU
		{B658890D-7FE8-4C67-A291-B4E563F54B8D}.Release|Any CPU.ActiveCfg = Release|Any CPU
		{B658890D-7FE8-4C67-A291-B4E563F54B8D}.Release|Any CPU.Build.0 = Release|Any CPU
		{15B4B37D-6F1B-461E-A837-E0F0B391C571}.Debug|Any CPU.ActiveCfg = Debug|Any CPU
		{15B4B37D-6F1B-461E-A837-E0F0B391C571}.Debug|Any CPU.Build.0 = Debug|Any CPU
		{15B4B37D-6F1B-461E-A837-E0F0B391C571}.Release|Any CPU.ActiveCfg = Release|Any CPU
		{15B4B37D-6F1B-461E-A837-E0F0B391C571}.Release|Any CPU.Build.0 = Release|Any CPU
		{3BBEA59C-F48D-4970-8047-D03711482457}.Debug|Any CPU.ActiveCfg = Debug|Any CPU
		{3BBEA59C-F48D-4970-8047-D03711482457}.Debug|Any CPU.Build.0 = Debug|Any CPU
		{3BBEA59C-F48D-4970-8047-D03711482457}.Release|Any CPU.ActiveCfg = Release|Any CPU
		{3BBEA59C-F48D-4970-8047-D03711482457}.Release|Any CPU.Build.0 = Release|Any CPU
		{838FDBA1-E72A-4D38-8514-B40CEDE222C5}.Debug|Any CPU.ActiveCfg = Debug|Any CPU
		{838FDBA1-E72A-4D38-8514-B40CEDE222C5}.Debug|Any CPU.Build.0 = Debug|Any CPU
		{838FDBA1-E72A-4D38-8514-B40CEDE222C5}.Release|Any CPU.ActiveCfg = Release|Any CPU
		{838FDBA1-E72A-4D38-8514-B40CEDE222C5}.Release|Any CPU.Build.0 = Release|Any CPU
		{8776D176-4E3D-4C9C-9FC7-CFD1D001BCEF}.Debug|Any CPU.ActiveCfg = Debug|Any CPU
		{8776D176-4E3D-4C9C-9FC7-CFD1D001BCEF}.Debug|Any CPU.Build.0 = Debug|Any CPU
		{8776D176-4E3D-4C9C-9FC7-CFD1D001BCEF}.Release|Any CPU.ActiveCfg = Release|Any CPU
		{8776D176-4E3D-4C9C-9FC7-CFD1D001BCEF}.Release|Any CPU.Build.0 = Release|Any CPU
		{25C38D3B-662C-48A6-A255-B5945E328D37}.Debug|Any CPU.ActiveCfg = Debug|Any CPU
		{25C38D3B-662C-48A6-A255-B5945E328D37}.Debug|Any CPU.Build.0 = Debug|Any CPU
		{25C38D3B-662C-48A6-A255-B5945E328D37}.Release|Any CPU.ActiveCfg = Release|Any CPU
		{25C38D3B-662C-48A6-A255-B5945E328D37}.Release|Any CPU.Build.0 = Release|Any CPU
		{29799F5E-84FF-4061-B6C8-CC451FBDABCD}.Debug|Any CPU.ActiveCfg = Debug|Any CPU
		{29799F5E-84FF-4061-B6C8-CC451FBDABCD}.Debug|Any CPU.Build.0 = Debug|Any CPU
		{29799F5E-84FF-4061-B6C8-CC451FBDABCD}.Release|Any CPU.ActiveCfg = Release|Any CPU
		{29799F5E-84FF-4061-B6C8-CC451FBDABCD}.Release|Any CPU.Build.0 = Release|Any CPU
	EndGlobalSection
	GlobalSection(NestedProjects) = preSolution
		{606213D3-5FCD-47F2-A8A1-84CF95BB7331} = {E5C1651E-A886-4188-97BB-61420665CC44}
		{003CF3D7-747C-4737-A934-B635400C918C} = {E5C1651E-A886-4188-97BB-61420665CC44}
		{05FF19E8-1528-4566-BC13-2CD31578E552} = {E5C1651E-A886-4188-97BB-61420665CC44}
		{02A9B565-F11D-489B-9003-2CE3F41A99F2} = {E5C1651E-A886-4188-97BB-61420665CC44}
		{15D8190E-3E42-40EC-834F-6074A6553FA4} = {E5C1651E-A886-4188-97BB-61420665CC44}
		{FF4A3313-9F25-4878-9341-0CE64E8DC77C} = {E5C1651E-A886-4188-97BB-61420665CC44}
		{57A0F319-8A4A-48A3-B2D3-28CFC3EDE045} = {E5C1651E-A886-4188-97BB-61420665CC44}
		{46B6291C-AF3F-417F-B18D-A941AA6A3017} = {D6932EDB-D255-4605-8668-A935F8B147C3}
		{5F08B9BA-61AC-465A-8219-CB78D9D6549A} = {D6932EDB-D255-4605-8668-A935F8B147C3}
		{F1A53A16-0F90-416A-A74A-C73A02DA47C7} = {D6932EDB-D255-4605-8668-A935F8B147C3}
		{F6F909F3-567F-47E2-8808-ACFE49187013} = {5F66D59A-5194-4F28-A343-CE74CF596B49}
		{FE505136-DFA5-4371-8A6D-63B0C9242209} = {5F66D59A-5194-4F28-A343-CE74CF596B49}
		{55FE4E55-A4FB-4BFE-AD2F-D3AFCD27E0D0} = {E5C1651E-A886-4188-97BB-61420665CC44}
		{EE35FC3B-C333-4981-92DD-E72A466EBBD4} = {D6932EDB-D255-4605-8668-A935F8B147C3}
		{B658890D-7FE8-4C67-A291-B4E563F54B8D} = {D6932EDB-D255-4605-8668-A935F8B147C3}
		{15B4B37D-6F1B-461E-A837-E0F0B391C571} = {E5C1651E-A886-4188-97BB-61420665CC44}
		{3BBEA59C-F48D-4970-8047-D03711482457} = {E5C1651E-A886-4188-97BB-61420665CC44}
		{838FDBA1-E72A-4D38-8514-B40CEDE222C5} = {E5C1651E-A886-4188-97BB-61420665CC44}
		{8776D176-4E3D-4C9C-9FC7-CFD1D001BCEF} = {D6932EDB-D255-4605-8668-A935F8B147C3}
		{25C38D3B-662C-48A6-A255-B5945E328D37} = {D6932EDB-D255-4605-8668-A935F8B147C3}
		{29799F5E-84FF-4061-B6C8-CC451FBDABCD} = {D6932EDB-D255-4605-8668-A935F8B147C3}
	EndGlobalSection
EndGlobal
